
Microsoft Visual Studio Solution File, Format Version 12.00
# Visual Studio Version 16
VisualStudioVersion = 16.0.30717.126
MinimumVisualStudioVersion = 10.0.40219.1
Project("{9A19103F-16F7-4668-BE54-9A1E7A4F7556}") = "Wordle", "Wordle\Wordle.csproj", "{F696ECA6-723F-4F98-9F54-2403E47AF3A7}"
EndProject
Project("{2150E333-8FDC-42A3-9474-1A3956D46DE8}") = "Solution Items", "Solution Items", "{5DFFE996-73FC-473A-9130-B67715F68346}"
	ProjectSection(SolutionItems) = preProject
		.gitignore = .gitignore
	EndProjectSection
EndProject
Project("{9A19103F-16F7-4668-BE54-9A1E7A4F7556}") = "Wordle.Test", "Wordle.Test\Wordle.Test.csproj", "{4A111CB3-1A9B-41BE-8770-912FFB955761}"
EndProject
Project("{9A19103F-16F7-4668-BE54-9A1E7A4F7556}") = "Wordle.WPF", "Wordle.WPF\Wordle.WPF.csproj", "{1110C199-0EA8-4DEE-A60D-8703145B9D39}"
EndProject
Project("{FAE04EC0-301F-11D3-BF4B-00C04F79EFBC}") = "Wordle.Console", "Wordle.Console\Wordle.Console.csproj", "{867AC71E-4E5B-43F6-A9EC-B2A71FF0E30B}"
EndProject
Global
	GlobalSection(SolutionConfigurationPlatforms) = preSolution
		Debug|Any CPU = Debug|Any CPU
		Debug|ARM = Debug|ARM
		Debug|ARM64 = Debug|ARM64
		Debug|iPhone = Debug|iPhone
		Debug|iPhoneSimulator = Debug|iPhoneSimulator
		Debug|x64 = Debug|x64
		Debug|x86 = Debug|x86
		Release|Any CPU = Release|Any CPU
		Release|ARM = Release|ARM
		Release|ARM64 = Release|ARM64
		Release|iPhone = Release|iPhone
		Release|iPhoneSimulator = Release|iPhoneSimulator
		Release|x64 = Release|x64
		Release|x86 = Release|x86
	EndGlobalSection
	GlobalSection(ProjectConfigurationPlatforms) = postSolution
		{F696ECA6-723F-4F98-9F54-2403E47AF3A7}.Debug|Any CPU.ActiveCfg = Debug|Any CPU
		{F696ECA6-723F-4F98-9F54-2403E47AF3A7}.Debug|Any CPU.Build.0 = Debug|Any CPU
		{F696ECA6-723F-4F98-9F54-2403E47AF3A7}.Debug|ARM.ActiveCfg = Debug|Any CPU
		{F696ECA6-723F-4F98-9F54-2403E47AF3A7}.Debug|ARM.Build.0 = Debug|Any CPU
		{F696ECA6-723F-4F98-9F54-2403E47AF3A7}.Debug|ARM64.ActiveCfg = Debug|Any CPU
		{F696ECA6-723F-4F98-9F54-2403E47AF3A7}.Debug|ARM64.Build.0 = Debug|Any CPU
		{F696ECA6-723F-4F98-9F54-2403E47AF3A7}.Debug|iPhone.ActiveCfg = Debug|Any CPU
		{F696ECA6-723F-4F98-9F54-2403E47AF3A7}.Debug|iPhone.Build.0 = Debug|Any CPU
		{F696ECA6-723F-4F98-9F54-2403E47AF3A7}.Debug|iPhoneSimulator.ActiveCfg = Debug|Any CPU
		{F696ECA6-723F-4F98-9F54-2403E47AF3A7}.Debug|iPhoneSimulator.Build.0 = Debug|Any CPU
		{F696ECA6-723F-4F98-9F54-2403E47AF3A7}.Debug|x64.ActiveCfg = Debug|Any CPU
		{F696ECA6-723F-4F98-9F54-2403E47AF3A7}.Debug|x64.Build.0 = Debug|Any CPU
		{F696ECA6-723F-4F98-9F54-2403E47AF3A7}.Debug|x86.ActiveCfg = Debug|Any CPU
		{F696ECA6-723F-4F98-9F54-2403E47AF3A7}.Debug|x86.Build.0 = Debug|Any CPU
		{F696ECA6-723F-4F98-9F54-2403E47AF3A7}.Release|Any CPU.ActiveCfg = Release|Any CPU
		{F696ECA6-723F-4F98-9F54-2403E47AF3A7}.Release|Any CPU.Build.0 = Release|Any CPU
		{F696ECA6-723F-4F98-9F54-2403E47AF3A7}.Release|ARM.ActiveCfg = Release|Any CPU
		{F696ECA6-723F-4F98-9F54-2403E47AF3A7}.Release|ARM.Build.0 = Release|Any CPU
		{F696ECA6-723F-4F98-9F54-2403E47AF3A7}.Release|ARM64.ActiveCfg = Release|Any CPU
		{F696ECA6-723F-4F98-9F54-2403E47AF3A7}.Release|ARM64.Build.0 = Release|Any CPU
		{F696ECA6-723F-4F98-9F54-2403E47AF3A7}.Release|iPhone.ActiveCfg = Release|Any CPU
		{F696ECA6-723F-4F98-9F54-2403E47AF3A7}.Release|iPhone.Build.0 = Release|Any CPU
		{F696ECA6-723F-4F98-9F54-2403E47AF3A7}.Release|iPhoneSimulator.ActiveCfg = Release|Any CPU
		{F696ECA6-723F-4F98-9F54-2403E47AF3A7}.Release|iPhoneSimulator.Build.0 = Release|Any CPU
		{F696ECA6-723F-4F98-9F54-2403E47AF3A7}.Release|x64.ActiveCfg = Release|Any CPU
		{F696ECA6-723F-4F98-9F54-2403E47AF3A7}.Release|x64.Build.0 = Release|Any CPU
		{F696ECA6-723F-4F98-9F54-2403E47AF3A7}.Release|x86.ActiveCfg = Release|Any CPU
		{F696ECA6-723F-4F98-9F54-2403E47AF3A7}.Release|x86.Build.0 = Release|Any CPU
		{4A111CB3-1A9B-41BE-8770-912FFB955761}.Debug|Any CPU.ActiveCfg = Debug|Any CPU
		{4A111CB3-1A9B-41BE-8770-912FFB955761}.Debug|Any CPU.Build.0 = Debug|Any CPU
		{4A111CB3-1A9B-41BE-8770-912FFB955761}.Debug|ARM.ActiveCfg = Debug|Any CPU
		{4A111CB3-1A9B-41BE-8770-912FFB955761}.Debug|ARM.Build.0 = Debug|Any CPU
		{4A111CB3-1A9B-41BE-8770-912FFB955761}.Debug|ARM64.ActiveCfg = Debug|Any CPU
		{4A111CB3-1A9B-41BE-8770-912FFB955761}.Debug|ARM64.Build.0 = Debug|Any CPU
		{4A111CB3-1A9B-41BE-8770-912FFB955761}.Debug|iPhone.ActiveCfg = Debug|Any CPU
		{4A111CB3-1A9B-41BE-8770-912FFB955761}.Debug|iPhone.Build.0 = Debug|Any CPU
		{4A111CB3-1A9B-41BE-8770-912FFB955761}.Debug|iPhoneSimulator.ActiveCfg = Debug|Any CPU
		{4A111CB3-1A9B-41BE-8770-912FFB955761}.Debug|iPhoneSimulator.Build.0 = Debug|Any CPU
		{4A111CB3-1A9B-41BE-8770-912FFB955761}.Debug|x64.ActiveCfg = Debug|Any CPU
		{4A111CB3-1A9B-41BE-8770-912FFB955761}.Debug|x64.Build.0 = Debug|Any CPU
		{4A111CB3-1A9B-41BE-8770-912FFB955761}.Debug|x86.ActiveCfg = Debug|Any CPU
		{4A111CB3-1A9B-41BE-8770-912FFB955761}.Debug|x86.Build.0 = Debug|Any CPU
		{4A111CB3-1A9B-41BE-8770-912FFB955761}.Release|Any CPU.ActiveCfg = Release|Any CPU
		{4A111CB3-1A9B-41BE-8770-912FFB955761}.Release|Any CPU.Build.0 = Release|Any CPU
		{4A111CB3-1A9B-41BE-8770-912FFB955761}.Release|ARM.ActiveCfg = Release|Any CPU
		{4A111CB3-1A9B-41BE-8770-912FFB955761}.Release|ARM.Build.0 = Release|Any CPU
		{4A111CB3-1A9B-41BE-8770-912FFB955761}.Release|ARM64.ActiveCfg = Release|Any CPU
		{4A111CB3-1A9B-41BE-8770-912FFB955761}.Release|ARM64.Build.0 = Release|Any CPU
		{4A111CB3-1A9B-41BE-8770-912FFB955761}.Release|iPhone.ActiveCfg = Release|Any CPU
		{4A111CB3-1A9B-41BE-8770-912FFB955761}.Release|iPhone.Build.0 = Release|Any CPU
		{4A111CB3-1A9B-41BE-8770-912FFB955761}.Release|iPhoneSimulator.ActiveCfg = Release|Any CPU
		{4A111CB3-1A9B-41BE-8770-912FFB955761}.Release|iPhoneSimulator.Build.0 = Release|Any CPU
		{4A111CB3-1A9B-41BE-8770-912FFB955761}.Release|x64.ActiveCfg = Release|Any CPU
		{4A111CB3-1A9B-41BE-8770-912FFB955761}.Release|x64.Build.0 = Release|Any CPU
		{4A111CB3-1A9B-41BE-8770-912FFB955761}.Release|x86.ActiveCfg = Release|Any CPU
		{4A111CB3-1A9B-41BE-8770-912FFB955761}.Release|x86.Build.0 = Release|Any CPU
		{1110C199-0EA8-4DEE-A60D-8703145B9D39}.Debug|Any CPU.ActiveCfg = Debug|Any CPU
		{1110C199-0EA8-4DEE-A60D-8703145B9D39}.Debug|Any CPU.Build.0 = Debug|Any CPU
		{1110C199-0EA8-4DEE-A60D-8703145B9D39}.Debug|ARM.ActiveCfg = Debug|Any CPU
		{1110C199-0EA8-4DEE-A60D-8703145B9D39}.Debug|ARM.Build.0 = Debug|Any CPU
		{1110C199-0EA8-4DEE-A60D-8703145B9D39}.Debug|ARM64.ActiveCfg = Debug|Any CPU
		{1110C199-0EA8-4DEE-A60D-8703145B9D39}.Debug|ARM64.Build.0 = Debug|Any CPU
		{1110C199-0EA8-4DEE-A60D-8703145B9D39}.Debug|iPhone.ActiveCfg = Debug|Any CPU
		{1110C199-0EA8-4DEE-A60D-8703145B9D39}.Debug|iPhone.Build.0 = Debug|Any CPU
		{1110C199-0EA8-4DEE-A60D-8703145B9D39}.Debug|iPhoneSimulator.ActiveCfg = Debug|Any CPU
		{1110C199-0EA8-4DEE-A60D-8703145B9D39}.Debug|iPhoneSimulator.Build.0 = Debug|Any CPU
		{1110C199-0EA8-4DEE-A60D-8703145B9D39}.Debug|x64.ActiveCfg = Debug|Any CPU
		{1110C199-0EA8-4DEE-A60D-8703145B9D39}.Debug|x64.Build.0 = Debug|Any CPU
		{1110C199-0EA8-4DEE-A60D-8703145B9D39}.Debug|x86.ActiveCfg = Debug|Any CPU
		{1110C199-0EA8-4DEE-A60D-8703145B9D39}.Debug|x86.Build.0 = Debug|Any CPU
		{1110C199-0EA8-4DEE-A60D-8703145B9D39}.Release|Any CPU.ActiveCfg = Release|Any CPU
		{1110C199-0EA8-4DEE-A60D-8703145B9D39}.Release|Any CPU.Build.0 = Release|Any CPU
		{1110C199-0EA8-4DEE-A60D-8703145B9D39}.Release|ARM.ActiveCfg = Release|Any CPU
		{1110C199-0EA8-4DEE-A60D-8703145B9D39}.Release|ARM.Build.0 = Release|Any CPU
		{1110C199-0EA8-4DEE-A60D-8703145B9D39}.Release|ARM64.ActiveCfg = Release|Any CPU
		{1110C199-0EA8-4DEE-A60D-8703145B9D39}.Release|ARM64.Build.0 = Release|Any CPU
		{1110C199-0EA8-4DEE-A60D-8703145B9D39}.Release|iPhone.ActiveCfg = Release|Any CPU
		{1110C199-0EA8-4DEE-A60D-8703145B9D39}.Release|iPhone.Build.0 = Release|Any CPU
		{1110C199-0EA8-4DEE-A60D-8703145B9D39}.Release|iPhoneSimulator.ActiveCfg = Release|Any CPU
		{1110C199-0EA8-4DEE-A60D-8703145B9D39}.Release|iPhoneSimulator.Build.0 = Release|Any CPU
		{1110C199-0EA8-4DEE-A60D-8703145B9D39}.Release|x64.ActiveCfg = Release|Any CPU
		{1110C199-0EA8-4DEE-A60D-8703145B9D39}.Release|x64.Build.0 = Release|Any CPU
		{1110C199-0EA8-4DEE-A60D-8703145B9D39}.Release|x86.ActiveCfg = Release|Any CPU
		{1110C199-0EA8-4DEE-A60D-8703145B9D39}.Release|x86.Build.0 = Release|Any CPU
		{867AC71E-4E5B-43F6-A9EC-B2A71FF0E30B}.Debug|Any CPU.ActiveCfg = Debug|Any CPU
		{867AC71E-4E5B-43F6-A9EC-B2A71FF0E30B}.Debug|Any CPU.Build.0 = Debug|Any CPU
		{867AC71E-4E5B-43F6-A9EC-B2A71FF0E30B}.Debug|ARM.ActiveCfg = Debug|Any CPU
		{867AC71E-4E5B-43F6-A9EC-B2A71FF0E30B}.Debug|ARM.Build.0 = Debug|Any CPU
		{867AC71E-4E5B-43F6-A9EC-B2A71FF0E30B}.Debug|ARM64.ActiveCfg = Debug|Any CPU
		{867AC71E-4E5B-43F6-A9EC-B2A71FF0E30B}.Debug|ARM64.Build.0 = Debug|Any CPU
		{867AC71E-4E5B-43F6-A9EC-B2A71FF0E30B}.Debug|iPhone.ActiveCfg = Debug|Any CPU
		{867AC71E-4E5B-43F6-A9EC-B2A71FF0E30B}.Debug|iPhone.Build.0 = Debug|Any CPU
		{867AC71E-4E5B-43F6-A9EC-B2A71FF0E30B}.Debug|iPhoneSimulator.ActiveCfg = Debug|Any CPU
		{867AC71E-4E5B-43F6-A9EC-B2A71FF0E30B}.Debug|iPhoneSimulator.Build.0 = Debug|Any CPU
		{867AC71E-4E5B-43F6-A9EC-B2A71FF0E30B}.Debug|x64.ActiveCfg = Debug|Any CPU
		{867AC71E-4E5B-43F6-A9EC-B2A71FF0E30B}.Debug|x64.Build.0 = Debug|Any CPU
		{867AC71E-4E5B-43F6-A9EC-B2A71FF0E30B}.Debug|x86.ActiveCfg = Debug|Any CPU
		{867AC71E-4E5B-43F6-A9EC-B2A71FF0E30B}.Debug|x86.Build.0 = Debug|Any CPU
		{867AC71E-4E5B-43F6-A9EC-B2A71FF0E30B}.Release|Any CPU.ActiveCfg = Release|Any CPU
		{867AC71E-4E5B-43F6-A9EC-B2A71FF0E30B}.Release|Any CPU.Build.0 = Release|Any CPU
		{867AC71E-4E5B-43F6-A9EC-B2A71FF0E30B}.Release|ARM.ActiveCfg = Release|Any CPU
		{867AC71E-4E5B-43F6-A9EC-B2A71FF0E30B}.Release|ARM.Build.0 = Release|Any CPU
		{867AC71E-4E5B-43F6-A9EC-B2A71FF0E30B}.Release|ARM64.ActiveCfg = Release|Any CPU
		{867AC71E-4E5B-43F6-A9EC-B2A71FF0E30B}.Release|ARM64.Build.0 = Release|Any CPU
		{867AC71E-4E5B-43F6-A9EC-B2A71FF0E30B}.Release|iPhone.ActiveCfg = Release|Any CPU
		{867AC71E-4E5B-43F6-A9EC-B2A71FF0E30B}.Release|iPhone.Build.0 = Release|Any CPU
		{867AC71E-4E5B-43F6-A9EC-B2A71FF0E30B}.Release|iPhoneSimulator.ActiveCfg = Release|Any CPU
		{867AC71E-4E5B-43F6-A9EC-B2A71FF0E30B}.Release|iPhoneSimulator.Build.0 = Release|Any CPU
		{867AC71E-4E5B-43F6-A9EC-B2A71FF0E30B}.Release|x64.ActiveCfg = Release|Any CPU
		{867AC71E-4E5B-43F6-A9EC-B2A71FF0E30B}.Release|x64.Build.0 = Release|Any CPU
		{867AC71E-4E5B-43F6-A9EC-B2A71FF0E30B}.Release|x86.ActiveCfg = Release|Any CPU
		{867AC71E-4E5B-43F6-A9EC-B2A71FF0E30B}.Release|x86.Build.0 = Release|Any CPU
	EndGlobalSection
	GlobalSection(SolutionProperties) = preSolution
		HideSolutionNode = FALSE
	EndGlobalSection
	GlobalSection(ExtensibilityGlobals) = postSolution
		SolutionGuid = {4F32A167-2981-4512-8024-5B0C93BBFA37}
	EndGlobalSection
EndGlobal
