
Microsoft Visual Studio Solution File, Format Version 12.00
# Visual Studio Version 16
VisualStudioVersion = 16.0.30717.126
MinimumVisualStudioVersion = 10.0.40219.1
Project("{9A19103F-16F7-4668-BE54-9A1E7A4F7556}") = "Wordle", "Wordle\Wordle.csproj", "{F696ECA6-723F-4F98-9F54-2403E47AF3A7}"
EndProject
Project("{2150E333-8FDC-42A3-9474-1A3956D46DE8}") = "Solution Items", "Solution Items", "{5DFFE996-73FC-473A-9130-B67715F68346}"
	ProjectSection(SolutionItems) = preProject
		.gitignore = .gitignore
		README.md = README.md
	EndProjectSection
EndProject
Project("{9A19103F-16F7-4668-BE54-9A1E7A4F7556}") = "Wordle.Test", "Wordle.Test\Wordle.Test.csproj", "{4A111CB3-1A9B-41BE-8770-912FFB955761}"
EndProject
Project("{9A19103F-16F7-4668-BE54-9A1E7A4F7556}") = "Wordle.Desktop", "Wordle.Desktop\Wordle.Desktop.csproj", "{0C3B0C59-CA0A-4006-ABAA-9296497D9D4B}"
EndProject
Project("{9A19103F-16F7-4668-BE54-9A1E7A4F7556}") = "Wordle.CLI", "Wordle.CLI\Wordle.CLI.csproj", "{CB9ABD32-F32D-4C84-82CB-303EE82C90B8}"
EndProject
Project("{C7167F0D-BC9F-4E6E-AFE1-012C56B48DB5}") = "Wordle.Desktop.Packaging", "Wordle.Desktop.Packaging\Wordle.Desktop.Packaging.wapproj", "{F3F6C7A2-0BA7-40BD-8144-2D8DE6A4D19C}"
EndProject
Global
	GlobalSection(SolutionConfigurationPlatforms) = preSolution
		Debug|Any CPU = Debug|Any CPU
		Debug|ARM = Debug|ARM
		Debug|ARM64 = Debug|ARM64
		Debug|iPhone = Debug|iPhone
		Debug|iPhoneSimulator = Debug|iPhoneSimulator
		Debug|x64 = Debug|x64
		Debug|x86 = Debug|x86
		Release|Any CPU = Release|Any CPU
		Release|ARM = Release|ARM
		Release|ARM64 = Release|ARM64
		Release|iPhone = Release|iPhone
		Release|iPhoneSimulator = Release|iPhoneSimulator
		Release|x64 = Release|x64
		Release|x86 = Release|x86
	EndGlobalSection
	GlobalSection(ProjectConfigurationPlatforms) = postSolution
		{F696ECA6-723F-4F98-9F54-2403E47AF3A7}.Debug|Any CPU.ActiveCfg = Debug|Any CPU
		{F696ECA6-723F-4F98-9F54-2403E47AF3A7}.Debug|Any CPU.Build.0 = Debug|Any CPU
		{F696ECA6-723F-4F98-9F54-2403E47AF3A7}.Debug|ARM.ActiveCfg = Debug|Any CPU
		{F696ECA6-723F-4F98-9F54-2403E47AF3A7}.Debug|ARM.Build.0 = Debug|Any CPU
		{F696ECA6-723F-4F98-9F54-2403E47AF3A7}.Debug|ARM64.ActiveCfg = Debug|Any CPU
		{F696ECA6-723F-4F98-9F54-2403E47AF3A7}.Debug|ARM64.Build.0 = Debug|Any CPU
		{F696ECA6-723F-4F98-9F54-2403E47AF3A7}.Debug|iPhone.ActiveCfg = Debug|Any CPU
		{F696ECA6-723F-4F98-9F54-2403E47AF3A7}.Debug|iPhone.Build.0 = Debug|Any CPU
		{F696ECA6-723F-4F98-9F54-2403E47AF3A7}.Debug|iPhoneSimulator.ActiveCfg = Debug|Any CPU
		{F696ECA6-723F-4F98-9F54-2403E47AF3A7}.Debug|iPhoneSimulator.Build.0 = Debug|Any CPU
		{F696ECA6-723F-4F98-9F54-2403E47AF3A7}.Debug|x64.ActiveCfg = Debug|Any CPU
		{F696ECA6-723F-4F98-9F54-2403E47AF3A7}.Debug|x64.Build.0 = Debug|Any CPU
		{F696ECA6-723F-4F98-9F54-2403E47AF3A7}.Debug|x86.ActiveCfg = Debug|Any CPU
		{F696ECA6-723F-4F98-9F54-2403E47AF3A7}.Debug|x86.Build.0 = Debug|Any CPU
		{F696ECA6-723F-4F98-9F54-2403E47AF3A7}.Release|Any CPU.ActiveCfg = Release|Any CPU
		{F696ECA6-723F-4F98-9F54-2403E47AF3A7}.Release|Any CPU.Build.0 = Release|Any CPU
		{F696ECA6-723F-4F98-9F54-2403E47AF3A7}.Release|ARM.ActiveCfg = Release|Any CPU
		{F696ECA6-723F-4F98-9F54-2403E47AF3A7}.Release|ARM.Build.0 = Release|Any CPU
		{F696ECA6-723F-4F98-9F54-2403E47AF3A7}.Release|ARM64.ActiveCfg = Release|Any CPU
		{F696ECA6-723F-4F98-9F54-2403E47AF3A7}.Release|ARM64.Build.0 = Release|Any CPU
		{F696ECA6-723F-4F98-9F54-2403E47AF3A7}.Release|iPhone.ActiveCfg = Release|Any CPU
		{F696ECA6-723F-4F98-9F54-2403E47AF3A7}.Release|iPhone.Build.0 = Release|Any CPU
		{F696ECA6-723F-4F98-9F54-2403E47AF3A7}.Release|iPhoneSimulator.ActiveCfg = Release|Any CPU
		{F696ECA6-723F-4F98-9F54-2403E47AF3A7}.Release|iPhoneSimulator.Build.0 = Release|Any CPU
		{F696ECA6-723F-4F98-9F54-2403E47AF3A7}.Release|x64.ActiveCfg = Release|Any CPU
		{F696ECA6-723F-4F98-9F54-2403E47AF3A7}.Release|x64.Build.0 = Release|Any CPU
		{F696ECA6-723F-4F98-9F54-2403E47AF3A7}.Release|x86.ActiveCfg = Release|Any CPU
		{F696ECA6-723F-4F98-9F54-2403E47AF3A7}.Release|x86.Build.0 = Release|Any CPU
		{4A111CB3-1A9B-41BE-8770-912FFB955761}.Debug|Any CPU.ActiveCfg = Debug|Any CPU
		{4A111CB3-1A9B-41BE-8770-912FFB955761}.Debug|Any CPU.Build.0 = Debug|Any CPU
		{4A111CB3-1A9B-41BE-8770-912FFB955761}.Debug|ARM.ActiveCfg = Debug|Any CPU
		{4A111CB3-1A9B-41BE-8770-912FFB955761}.Debug|ARM.Build.0 = Debug|Any CPU
		{4A111CB3-1A9B-41BE-8770-912FFB955761}.Debug|ARM64.ActiveCfg = Debug|Any CPU
		{4A111CB3-1A9B-41BE-8770-912FFB955761}.Debug|ARM64.Build.0 = Debug|Any CPU
		{4A111CB3-1A9B-41BE-8770-912FFB955761}.Debug|iPhone.ActiveCfg = Debug|Any CPU
		{4A111CB3-1A9B-41BE-8770-912FFB955761}.Debug|iPhone.Build.0 = Debug|Any CPU
		{4A111CB3-1A9B-41BE-8770-912FFB955761}.Debug|iPhoneSimulator.ActiveCfg = Debug|Any CPU
		{4A111CB3-1A9B-41BE-8770-912FFB955761}.Debug|iPhoneSimulator.Build.0 = Debug|Any CPU
		{4A111CB3-1A9B-41BE-8770-912FFB955761}.Debug|x64.ActiveCfg = Debug|Any CPU
		{4A111CB3-1A9B-41BE-8770-912FFB955761}.Debug|x64.Build.0 = Debug|Any CPU
		{4A111CB3-1A9B-41BE-8770-912FFB955761}.Debug|x86.ActiveCfg = Debug|Any CPU
		{4A111CB3-1A9B-41BE-8770-912FFB955761}.Debug|x86.Build.0 = Debug|Any CPU
		{4A111CB3-1A9B-41BE-8770-912FFB955761}.Release|Any CPU.ActiveCfg = Release|Any CPU
		{4A111CB3-1A9B-41BE-8770-912FFB955761}.Release|Any CPU.Build.0 = Release|Any CPU
		{4A111CB3-1A9B-41BE-8770-912FFB955761}.Release|ARM.ActiveCfg = Release|Any CPU
		{4A111CB3-1A9B-41BE-8770-912FFB955761}.Release|ARM.Build.0 = Release|Any CPU
		{4A111CB3-1A9B-41BE-8770-912FFB955761}.Release|ARM64.ActiveCfg = Release|Any CPU
		{4A111CB3-1A9B-41BE-8770-912FFB955761}.Release|ARM64.Build.0 = Release|Any CPU
		{4A111CB3-1A9B-41BE-8770-912FFB955761}.Release|iPhone.ActiveCfg = Release|Any CPU
		{4A111CB3-1A9B-41BE-8770-912FFB955761}.Release|iPhone.Build.0 = Release|Any CPU
		{4A111CB3-1A9B-41BE-8770-912FFB955761}.Release|iPhoneSimulator.ActiveCfg = Release|Any CPU
		{4A111CB3-1A9B-41BE-8770-912FFB955761}.Release|iPhoneSimulator.Build.0 = Release|Any CPU
		{4A111CB3-1A9B-41BE-8770-912FFB955761}.Release|x64.ActiveCfg = Release|Any CPU
		{4A111CB3-1A9B-41BE-8770-912FFB955761}.Release|x64.Build.0 = Release|Any CPU
		{4A111CB3-1A9B-41BE-8770-912FFB955761}.Release|x86.ActiveCfg = Release|Any CPU
		{4A111CB3-1A9B-41BE-8770-912FFB955761}.Release|x86.Build.0 = Release|Any CPU
		{0C3B0C59-CA0A-4006-ABAA-9296497D9D4B}.Debug|Any CPU.ActiveCfg = Debug|Any CPU
		{0C3B0C59-CA0A-4006-ABAA-9296497D9D4B}.Debug|Any CPU.Build.0 = Debug|Any CPU
		{0C3B0C59-CA0A-4006-ABAA-9296497D9D4B}.Debug|ARM.ActiveCfg = Debug|Any CPU
		{0C3B0C59-CA0A-4006-ABAA-9296497D9D4B}.Debug|ARM.Build.0 = Debug|Any CPU
		{0C3B0C59-CA0A-4006-ABAA-9296497D9D4B}.Debug|ARM64.ActiveCfg = Debug|Any CPU
		{0C3B0C59-CA0A-4006-ABAA-9296497D9D4B}.Debug|ARM64.Build.0 = Debug|Any CPU
		{0C3B0C59-CA0A-4006-ABAA-9296497D9D4B}.Debug|iPhone.ActiveCfg = Debug|Any CPU
		{0C3B0C59-CA0A-4006-ABAA-9296497D9D4B}.Debug|iPhone.Build.0 = Debug|Any CPU
		{0C3B0C59-CA0A-4006-ABAA-9296497D9D4B}.Debug|iPhoneSimulator.ActiveCfg = Debug|Any CPU
		{0C3B0C59-CA0A-4006-ABAA-9296497D9D4B}.Debug|iPhoneSimulator.Build.0 = Debug|Any CPU
		{0C3B0C59-CA0A-4006-ABAA-9296497D9D4B}.Debug|x64.ActiveCfg = Debug|Any CPU
		{0C3B0C59-CA0A-4006-ABAA-9296497D9D4B}.Debug|x64.Build.0 = Debug|Any CPU
		{0C3B0C59-CA0A-4006-ABAA-9296497D9D4B}.Debug|x86.ActiveCfg = Debug|Any CPU
		{0C3B0C59-CA0A-4006-ABAA-9296497D9D4B}.Debug|x86.Build.0 = Debug|Any CPU
		{0C3B0C59-CA0A-4006-ABAA-9296497D9D4B}.Release|Any CPU.ActiveCfg = Release|Any CPU
		{0C3B0C59-CA0A-4006-ABAA-9296497D9D4B}.Release|Any CPU.Build.0 = Release|Any CPU
		{0C3B0C59-CA0A-4006-ABAA-9296497D9D4B}.Release|ARM.ActiveCfg = Release|Any CPU
		{0C3B0C59-CA0A-4006-ABAA-9296497D9D4B}.Release|ARM.Build.0 = Release|Any CPU
		{0C3B0C59-CA0A-4006-ABAA-9296497D9D4B}.Release|ARM64.ActiveCfg = Release|Any CPU
		{0C3B0C59-CA0A-4006-ABAA-9296497D9D4B}.Release|ARM64.Build.0 = Release|Any CPU
		{0C3B0C59-CA0A-4006-ABAA-9296497D9D4B}.Release|iPhone.ActiveCfg = Release|Any CPU
		{0C3B0C59-CA0A-4006-ABAA-9296497D9D4B}.Release|iPhone.Build.0 = Release|Any CPU
		{0C3B0C59-CA0A-4006-ABAA-9296497D9D4B}.Release|iPhoneSimulator.ActiveCfg = Release|Any CPU
		{0C3B0C59-CA0A-4006-ABAA-9296497D9D4B}.Release|iPhoneSimulator.Build.0 = Release|Any CPU
		{0C3B0C59-CA0A-4006-ABAA-9296497D9D4B}.Release|x64.ActiveCfg = Release|Any CPU
		{0C3B0C59-CA0A-4006-ABAA-9296497D9D4B}.Release|x64.Build.0 = Release|Any CPU
		{0C3B0C59-CA0A-4006-ABAA-9296497D9D4B}.Release|x86.ActiveCfg = Release|Any CPU
		{0C3B0C59-CA0A-4006-ABAA-9296497D9D4B}.Release|x86.Build.0 = Release|Any CPU
		{CB9ABD32-F32D-4C84-82CB-303EE82C90B8}.Debug|Any CPU.ActiveCfg = Debug|Any CPU
		{CB9ABD32-F32D-4C84-82CB-303EE82C90B8}.Debug|Any CPU.Build.0 = Debug|Any CPU
		{CB9ABD32-F32D-4C84-82CB-303EE82C90B8}.Debug|ARM.ActiveCfg = Debug|Any CPU
		{CB9ABD32-F32D-4C84-82CB-303EE82C90B8}.Debug|ARM.Build.0 = Debug|Any CPU
		{CB9ABD32-F32D-4C84-82CB-303EE82C90B8}.Debug|ARM64.ActiveCfg = Debug|Any CPU
		{CB9ABD32-F32D-4C84-82CB-303EE82C90B8}.Debug|ARM64.Build.0 = Debug|Any CPU
		{CB9ABD32-F32D-4C84-82CB-303EE82C90B8}.Debug|iPhone.ActiveCfg = Debug|Any CPU
		{CB9ABD32-F32D-4C84-82CB-303EE82C90B8}.Debug|iPhone.Build.0 = Debug|Any CPU
		{CB9ABD32-F32D-4C84-82CB-303EE82C90B8}.Debug|iPhoneSimulator.ActiveCfg = Debug|Any CPU
		{CB9ABD32-F32D-4C84-82CB-303EE82C90B8}.Debug|iPhoneSimulator.Build.0 = Debug|Any CPU
		{CB9ABD32-F32D-4C84-82CB-303EE82C90B8}.Debug|x64.ActiveCfg = Debug|Any CPU
		{CB9ABD32-F32D-4C84-82CB-303EE82C90B8}.Debug|x64.Build.0 = Debug|Any CPU
		{CB9ABD32-F32D-4C84-82CB-303EE82C90B8}.Debug|x86.ActiveCfg = Debug|Any CPU
		{CB9ABD32-F32D-4C84-82CB-303EE82C90B8}.Debug|x86.Build.0 = Debug|Any CPU
		{CB9ABD32-F32D-4C84-82CB-303EE82C90B8}.Release|Any CPU.ActiveCfg = Release|Any CPU
		{CB9ABD32-F32D-4C84-82CB-303EE82C90B8}.Release|Any CPU.Build.0 = Release|Any CPU
		{CB9ABD32-F32D-4C84-82CB-303EE82C90B8}.Release|ARM.ActiveCfg = Release|Any CPU
		{CB9ABD32-F32D-4C84-82CB-303EE82C90B8}.Release|ARM.Build.0 = Release|Any CPU
		{CB9ABD32-F32D-4C84-82CB-303EE82C90B8}.Release|ARM64.ActiveCfg = Release|Any CPU
		{CB9ABD32-F32D-4C84-82CB-303EE82C90B8}.Release|ARM64.Build.0 = Release|Any CPU
		{CB9ABD32-F32D-4C84-82CB-303EE82C90B8}.Release|iPhone.ActiveCfg = Release|Any CPU
		{CB9ABD32-F32D-4C84-82CB-303EE82C90B8}.Release|iPhone.Build.0 = Release|Any CPU
		{CB9ABD32-F32D-4C84-82CB-303EE82C90B8}.Release|iPhoneSimulator.ActiveCfg = Release|Any CPU
		{CB9ABD32-F32D-4C84-82CB-303EE82C90B8}.Release|iPhoneSimulator.Build.0 = Release|Any CPU
		{CB9ABD32-F32D-4C84-82CB-303EE82C90B8}.Release|x64.ActiveCfg = Release|Any CPU
		{CB9ABD32-F32D-4C84-82CB-303EE82C90B8}.Release|x64.Build.0 = Release|Any CPU
		{CB9ABD32-F32D-4C84-82CB-303EE82C90B8}.Release|x86.ActiveCfg = Release|Any CPU
		{CB9ABD32-F32D-4C84-82CB-303EE82C90B8}.Release|x86.Build.0 = Release|Any CPU
		{F3F6C7A2-0BA7-40BD-8144-2D8DE6A4D19C}.Debug|Any CPU.ActiveCfg = Debug|Any CPU
		{F3F6C7A2-0BA7-40BD-8144-2D8DE6A4D19C}.Debug|Any CPU.Build.0 = Debug|Any CPU
		{F3F6C7A2-0BA7-40BD-8144-2D8DE6A4D19C}.Debug|Any CPU.Deploy.0 = Debug|Any CPU
		{F3F6C7A2-0BA7-40BD-8144-2D8DE6A4D19C}.Debug|ARM.ActiveCfg = Debug|ARM
		{F3F6C7A2-0BA7-40BD-8144-2D8DE6A4D19C}.Debug|ARM.Build.0 = Debug|ARM
		{F3F6C7A2-0BA7-40BD-8144-2D8DE6A4D19C}.Debug|ARM.Deploy.0 = Debug|ARM
		{F3F6C7A2-0BA7-40BD-8144-2D8DE6A4D19C}.Debug|ARM64.ActiveCfg = Debug|ARM64
		{F3F6C7A2-0BA7-40BD-8144-2D8DE6A4D19C}.Debug|ARM64.Build.0 = Debug|ARM64
		{F3F6C7A2-0BA7-40BD-8144-2D8DE6A4D19C}.Debug|ARM64.Deploy.0 = Debug|ARM64
		{F3F6C7A2-0BA7-40BD-8144-2D8DE6A4D19C}.Debug|iPhone.ActiveCfg = Debug|Any CPU
		{F3F6C7A2-0BA7-40BD-8144-2D8DE6A4D19C}.Debug|iPhone.Build.0 = Debug|Any CPU
		{F3F6C7A2-0BA7-40BD-8144-2D8DE6A4D19C}.Debug|iPhone.Deploy.0 = Debug|Any CPU
		{F3F6C7A2-0BA7-40BD-8144-2D8DE6A4D19C}.Debug|iPhoneSimulator.ActiveCfg = Debug|Any CPU
		{F3F6C7A2-0BA7-40BD-8144-2D8DE6A4D19C}.Debug|iPhoneSimulator.Build.0 = Debug|Any CPU
		{F3F6C7A2-0BA7-40BD-8144-2D8DE6A4D19C}.Debug|iPhoneSimulator.Deploy.0 = Debug|Any CPU
		{F3F6C7A2-0BA7-40BD-8144-2D8DE6A4D19C}.Debug|x64.ActiveCfg = Debug|x64
		{F3F6C7A2-0BA7-40BD-8144-2D8DE6A4D19C}.Debug|x64.Build.0 = Debug|x64
		{F3F6C7A2-0BA7-40BD-8144-2D8DE6A4D19C}.Debug|x64.Deploy.0 = Debug|x64
		{F3F6C7A2-0BA7-40BD-8144-2D8DE6A4D19C}.Debug|x86.ActiveCfg = Debug|x86
		{F3F6C7A2-0BA7-40BD-8144-2D8DE6A4D19C}.Debug|x86.Build.0 = Debug|x86
		{F3F6C7A2-0BA7-40BD-8144-2D8DE6A4D19C}.Debug|x86.Deploy.0 = Debug|x86
		{F3F6C7A2-0BA7-40BD-8144-2D8DE6A4D19C}.Release|Any CPU.ActiveCfg = Release|Any CPU
		{F3F6C7A2-0BA7-40BD-8144-2D8DE6A4D19C}.Release|Any CPU.Build.0 = Release|Any CPU
		{F3F6C7A2-0BA7-40BD-8144-2D8DE6A4D19C}.Release|Any CPU.Deploy.0 = Release|Any CPU
		{F3F6C7A2-0BA7-40BD-8144-2D8DE6A4D19C}.Release|ARM.ActiveCfg = Release|ARM
		{F3F6C7A2-0BA7-40BD-8144-2D8DE6A4D19C}.Release|ARM.Build.0 = Release|ARM
		{F3F6C7A2-0BA7-40BD-8144-2D8DE6A4D19C}.Release|ARM.Deploy.0 = Release|ARM
		{F3F6C7A2-0BA7-40BD-8144-2D8DE6A4D19C}.Release|ARM64.ActiveCfg = Release|ARM64
		{F3F6C7A2-0BA7-40BD-8144-2D8DE6A4D19C}.Release|ARM64.Build.0 = Release|ARM64
		{F3F6C7A2-0BA7-40BD-8144-2D8DE6A4D19C}.Release|ARM64.Deploy.0 = Release|ARM64
		{F3F6C7A2-0BA7-40BD-8144-2D8DE6A4D19C}.Release|iPhone.ActiveCfg = Release|Any CPU
		{F3F6C7A2-0BA7-40BD-8144-2D8DE6A4D19C}.Release|iPhone.Build.0 = Release|Any CPU
		{F3F6C7A2-0BA7-40BD-8144-2D8DE6A4D19C}.Release|iPhone.Deploy.0 = Release|Any CPU
		{F3F6C7A2-0BA7-40BD-8144-2D8DE6A4D19C}.Release|iPhoneSimulator.ActiveCfg = Release|Any CPU
		{F3F6C7A2-0BA7-40BD-8144-2D8DE6A4D19C}.Release|iPhoneSimulator.Build.0 = Release|Any CPU
		{F3F6C7A2-0BA7-40BD-8144-2D8DE6A4D19C}.Release|iPhoneSimulator.Deploy.0 = Release|Any CPU
		{F3F6C7A2-0BA7-40BD-8144-2D8DE6A4D19C}.Release|x64.ActiveCfg = Release|x64
		{F3F6C7A2-0BA7-40BD-8144-2D8DE6A4D19C}.Release|x64.Build.0 = Release|x64
		{F3F6C7A2-0BA7-40BD-8144-2D8DE6A4D19C}.Release|x64.Deploy.0 = Release|x64
		{F3F6C7A2-0BA7-40BD-8144-2D8DE6A4D19C}.Release|x86.ActiveCfg = Release|x86
		{F3F6C7A2-0BA7-40BD-8144-2D8DE6A4D19C}.Release|x86.Build.0 = Release|x86
		{F3F6C7A2-0BA7-40BD-8144-2D8DE6A4D19C}.Release|x86.Deploy.0 = Release|x86
	EndGlobalSection
	GlobalSection(SolutionProperties) = preSolution
		HideSolutionNode = FALSE
	EndGlobalSection
	GlobalSection(ExtensibilityGlobals) = postSolution
		SolutionGuid = {4F32A167-2981-4512-8024-5B0C93BBFA37}
	EndGlobalSection
EndGlobal
