
Microsoft Visual Studio Solution File, Format Version 12.00
# Visual Studio Version 16
VisualStudioVersion = 16.0.30717.126
MinimumVisualStudioVersion = 10.0.40219.1
Project("{9A19103F-16F7-4668-BE54-9A1E7A4F7556}") = "Wordle", "Wordle\Wordle.csproj", "{F696ECA6-723F-4F98-9F54-2403E47AF3A7}"
EndProject
Project("{2150E333-8FDC-42A3-9474-1A3956D46DE8}") = "Solution Items", "Solution Items", "{5DFFE996-73FC-473A-9130-B67715F68346}"
	ProjectSection(SolutionItems) = preProject
		.gitignore = .gitignore
	EndProjectSection
EndProject
Project("{9A19103F-16F7-4668-BE54-9A1E7A4F7556}") = "WordleWPFClient", "WordleWPFClient\WordleWPFClient.csproj", "{0DCD6CCC-2B44-4D3C-9F18-1744E0385D5F}"
EndProject
Project("{9A19103F-16F7-4668-BE54-9A1E7A4F7556}") = "WordleTests", "WordleTests\WordleTests.csproj", "{08376E3E-4948-4F94-BEF7-B46422C3C7D0}"
EndProject
Project("{9A19103F-16F7-4668-BE54-9A1E7A4F7556}") = "WordleConsoleTest", "WordleConsoleTest\WordleConsoleTest.csproj", "{940881EA-3098-4A93-A0D3-510237B244BF}"
EndProject
Project("{FAE04EC0-301F-11D3-BF4B-00C04F79EFBC}") = "WordleMacClient", "WordleMacClient\WordleMacClient.csproj", "{27B28928-637F-4BCA-8AD8-083F9744ACDA}"
EndProject
Global
	GlobalSection(SolutionConfigurationPlatforms) = preSolution
		Debug|Any CPU = Debug|Any CPU
		Debug|ARM = Debug|ARM
		Debug|ARM64 = Debug|ARM64
		Debug|iPhone = Debug|iPhone
		Debug|iPhoneSimulator = Debug|iPhoneSimulator
		Debug|x64 = Debug|x64
		Debug|x86 = Debug|x86
		Release|Any CPU = Release|Any CPU
		Release|ARM = Release|ARM
		Release|ARM64 = Release|ARM64
		Release|iPhone = Release|iPhone
		Release|iPhoneSimulator = Release|iPhoneSimulator
		Release|x64 = Release|x64
		Release|x86 = Release|x86
	EndGlobalSection
	GlobalSection(ProjectConfigurationPlatforms) = postSolution
		{F696ECA6-723F-4F98-9F54-2403E47AF3A7}.Debug|Any CPU.ActiveCfg = Debug|Any CPU
		{F696ECA6-723F-4F98-9F54-2403E47AF3A7}.Debug|Any CPU.Build.0 = Debug|Any CPU
		{F696ECA6-723F-4F98-9F54-2403E47AF3A7}.Debug|ARM.ActiveCfg = Debug|Any CPU
		{F696ECA6-723F-4F98-9F54-2403E47AF3A7}.Debug|ARM.Build.0 = Debug|Any CPU
		{F696ECA6-723F-4F98-9F54-2403E47AF3A7}.Debug|ARM64.ActiveCfg = Debug|Any CPU
		{F696ECA6-723F-4F98-9F54-2403E47AF3A7}.Debug|ARM64.Build.0 = Debug|Any CPU
		{F696ECA6-723F-4F98-9F54-2403E47AF3A7}.Debug|iPhone.ActiveCfg = Debug|Any CPU
		{F696ECA6-723F-4F98-9F54-2403E47AF3A7}.Debug|iPhone.Build.0 = Debug|Any CPU
		{F696ECA6-723F-4F98-9F54-2403E47AF3A7}.Debug|iPhoneSimulator.ActiveCfg = Debug|Any CPU
		{F696ECA6-723F-4F98-9F54-2403E47AF3A7}.Debug|iPhoneSimulator.Build.0 = Debug|Any CPU
		{F696ECA6-723F-4F98-9F54-2403E47AF3A7}.Debug|x64.ActiveCfg = Debug|Any CPU
		{F696ECA6-723F-4F98-9F54-2403E47AF3A7}.Debug|x64.Build.0 = Debug|Any CPU
		{F696ECA6-723F-4F98-9F54-2403E47AF3A7}.Debug|x86.ActiveCfg = Debug|Any CPU
		{F696ECA6-723F-4F98-9F54-2403E47AF3A7}.Debug|x86.Build.0 = Debug|Any CPU
		{F696ECA6-723F-4F98-9F54-2403E47AF3A7}.Release|Any CPU.ActiveCfg = Release|Any CPU
		{F696ECA6-723F-4F98-9F54-2403E47AF3A7}.Release|Any CPU.Build.0 = Release|Any CPU
		{F696ECA6-723F-4F98-9F54-2403E47AF3A7}.Release|ARM.ActiveCfg = Release|Any CPU
		{F696ECA6-723F-4F98-9F54-2403E47AF3A7}.Release|ARM.Build.0 = Release|Any CPU
		{F696ECA6-723F-4F98-9F54-2403E47AF3A7}.Release|ARM64.ActiveCfg = Release|Any CPU
		{F696ECA6-723F-4F98-9F54-2403E47AF3A7}.Release|ARM64.Build.0 = Release|Any CPU
		{F696ECA6-723F-4F98-9F54-2403E47AF3A7}.Release|iPhone.ActiveCfg = Release|Any CPU
		{F696ECA6-723F-4F98-9F54-2403E47AF3A7}.Release|iPhone.Build.0 = Release|Any CPU
		{F696ECA6-723F-4F98-9F54-2403E47AF3A7}.Release|iPhoneSimulator.ActiveCfg = Release|Any CPU
		{F696ECA6-723F-4F98-9F54-2403E47AF3A7}.Release|iPhoneSimulator.Build.0 = Release|Any CPU
		{F696ECA6-723F-4F98-9F54-2403E47AF3A7}.Release|x64.ActiveCfg = Release|Any CPU
		{F696ECA6-723F-4F98-9F54-2403E47AF3A7}.Release|x64.Build.0 = Release|Any CPU
		{F696ECA6-723F-4F98-9F54-2403E47AF3A7}.Release|x86.ActiveCfg = Release|Any CPU
		{F696ECA6-723F-4F98-9F54-2403E47AF3A7}.Release|x86.Build.0 = Release|Any CPU
		{0DCD6CCC-2B44-4D3C-9F18-1744E0385D5F}.Debug|Any CPU.ActiveCfg = Debug|Any CPU
		{0DCD6CCC-2B44-4D3C-9F18-1744E0385D5F}.Debug|Any CPU.Build.0 = Debug|Any CPU
		{0DCD6CCC-2B44-4D3C-9F18-1744E0385D5F}.Debug|ARM.ActiveCfg = Debug|Any CPU
		{0DCD6CCC-2B44-4D3C-9F18-1744E0385D5F}.Debug|ARM.Build.0 = Debug|Any CPU
		{0DCD6CCC-2B44-4D3C-9F18-1744E0385D5F}.Debug|ARM64.ActiveCfg = Debug|Any CPU
		{0DCD6CCC-2B44-4D3C-9F18-1744E0385D5F}.Debug|ARM64.Build.0 = Debug|Any CPU
		{0DCD6CCC-2B44-4D3C-9F18-1744E0385D5F}.Debug|iPhone.ActiveCfg = Debug|Any CPU
		{0DCD6CCC-2B44-4D3C-9F18-1744E0385D5F}.Debug|iPhone.Build.0 = Debug|Any CPU
		{0DCD6CCC-2B44-4D3C-9F18-1744E0385D5F}.Debug|iPhoneSimulator.ActiveCfg = Debug|Any CPU
		{0DCD6CCC-2B44-4D3C-9F18-1744E0385D5F}.Debug|iPhoneSimulator.Build.0 = Debug|Any CPU
		{0DCD6CCC-2B44-4D3C-9F18-1744E0385D5F}.Debug|x64.ActiveCfg = Debug|Any CPU
		{0DCD6CCC-2B44-4D3C-9F18-1744E0385D5F}.Debug|x64.Build.0 = Debug|Any CPU
		{0DCD6CCC-2B44-4D3C-9F18-1744E0385D5F}.Debug|x86.ActiveCfg = Debug|Any CPU
		{0DCD6CCC-2B44-4D3C-9F18-1744E0385D5F}.Debug|x86.Build.0 = Debug|Any CPU
		{0DCD6CCC-2B44-4D3C-9F18-1744E0385D5F}.Release|Any CPU.ActiveCfg = Release|Any CPU
		{0DCD6CCC-2B44-4D3C-9F18-1744E0385D5F}.Release|Any CPU.Build.0 = Release|Any CPU
		{0DCD6CCC-2B44-4D3C-9F18-1744E0385D5F}.Release|ARM.ActiveCfg = Release|Any CPU
		{0DCD6CCC-2B44-4D3C-9F18-1744E0385D5F}.Release|ARM.Build.0 = Release|Any CPU
		{0DCD6CCC-2B44-4D3C-9F18-1744E0385D5F}.Release|ARM64.ActiveCfg = Release|Any CPU
		{0DCD6CCC-2B44-4D3C-9F18-1744E0385D5F}.Release|ARM64.Build.0 = Release|Any CPU
		{0DCD6CCC-2B44-4D3C-9F18-1744E0385D5F}.Release|iPhone.ActiveCfg = Release|Any CPU
		{0DCD6CCC-2B44-4D3C-9F18-1744E0385D5F}.Release|iPhone.Build.0 = Release|Any CPU
		{0DCD6CCC-2B44-4D3C-9F18-1744E0385D5F}.Release|iPhoneSimulator.ActiveCfg = Release|Any CPU
		{0DCD6CCC-2B44-4D3C-9F18-1744E0385D5F}.Release|iPhoneSimulator.Build.0 = Release|Any CPU
		{0DCD6CCC-2B44-4D3C-9F18-1744E0385D5F}.Release|x64.ActiveCfg = Release|Any CPU
		{0DCD6CCC-2B44-4D3C-9F18-1744E0385D5F}.Release|x64.Build.0 = Release|Any CPU
		{0DCD6CCC-2B44-4D3C-9F18-1744E0385D5F}.Release|x86.ActiveCfg = Release|Any CPU
		{0DCD6CCC-2B44-4D3C-9F18-1744E0385D5F}.Release|x86.Build.0 = Release|Any CPU
		{08376E3E-4948-4F94-BEF7-B46422C3C7D0}.Debug|Any CPU.ActiveCfg = Debug|Any CPU
		{08376E3E-4948-4F94-BEF7-B46422C3C7D0}.Debug|Any CPU.Build.0 = Debug|Any CPU
		{08376E3E-4948-4F94-BEF7-B46422C3C7D0}.Debug|ARM.ActiveCfg = Debug|Any CPU
		{08376E3E-4948-4F94-BEF7-B46422C3C7D0}.Debug|ARM.Build.0 = Debug|Any CPU
		{08376E3E-4948-4F94-BEF7-B46422C3C7D0}.Debug|ARM64.ActiveCfg = Debug|Any CPU
		{08376E3E-4948-4F94-BEF7-B46422C3C7D0}.Debug|ARM64.Build.0 = Debug|Any CPU
		{08376E3E-4948-4F94-BEF7-B46422C3C7D0}.Debug|iPhone.ActiveCfg = Debug|Any CPU
		{08376E3E-4948-4F94-BEF7-B46422C3C7D0}.Debug|iPhone.Build.0 = Debug|Any CPU
		{08376E3E-4948-4F94-BEF7-B46422C3C7D0}.Debug|iPhoneSimulator.ActiveCfg = Debug|Any CPU
		{08376E3E-4948-4F94-BEF7-B46422C3C7D0}.Debug|iPhoneSimulator.Build.0 = Debug|Any CPU
		{08376E3E-4948-4F94-BEF7-B46422C3C7D0}.Debug|x64.ActiveCfg = Debug|Any CPU
		{08376E3E-4948-4F94-BEF7-B46422C3C7D0}.Debug|x64.Build.0 = Debug|Any CPU
		{08376E3E-4948-4F94-BEF7-B46422C3C7D0}.Debug|x86.ActiveCfg = Debug|Any CPU
		{08376E3E-4948-4F94-BEF7-B46422C3C7D0}.Debug|x86.Build.0 = Debug|Any CPU
		{08376E3E-4948-4F94-BEF7-B46422C3C7D0}.Release|Any CPU.ActiveCfg = Release|Any CPU
		{08376E3E-4948-4F94-BEF7-B46422C3C7D0}.Release|Any CPU.Build.0 = Release|Any CPU
		{08376E3E-4948-4F94-BEF7-B46422C3C7D0}.Release|ARM.ActiveCfg = Release|Any CPU
		{08376E3E-4948-4F94-BEF7-B46422C3C7D0}.Release|ARM.Build.0 = Release|Any CPU
		{08376E3E-4948-4F94-BEF7-B46422C3C7D0}.Release|ARM64.ActiveCfg = Release|Any CPU
		{08376E3E-4948-4F94-BEF7-B46422C3C7D0}.Release|ARM64.Build.0 = Release|Any CPU
		{08376E3E-4948-4F94-BEF7-B46422C3C7D0}.Release|iPhone.ActiveCfg = Release|Any CPU
		{08376E3E-4948-4F94-BEF7-B46422C3C7D0}.Release|iPhone.Build.0 = Release|Any CPU
		{08376E3E-4948-4F94-BEF7-B46422C3C7D0}.Release|iPhoneSimulator.ActiveCfg = Release|Any CPU
		{08376E3E-4948-4F94-BEF7-B46422C3C7D0}.Release|iPhoneSimulator.Build.0 = Release|Any CPU
		{08376E3E-4948-4F94-BEF7-B46422C3C7D0}.Release|x64.ActiveCfg = Release|Any CPU
		{08376E3E-4948-4F94-BEF7-B46422C3C7D0}.Release|x64.Build.0 = Release|Any CPU
		{08376E3E-4948-4F94-BEF7-B46422C3C7D0}.Release|x86.ActiveCfg = Release|Any CPU
		{08376E3E-4948-4F94-BEF7-B46422C3C7D0}.Release|x86.Build.0 = Release|Any CPU
		{940881EA-3098-4A93-A0D3-510237B244BF}.Debug|Any CPU.ActiveCfg = Debug|Any CPU
		{940881EA-3098-4A93-A0D3-510237B244BF}.Debug|Any CPU.Build.0 = Debug|Any CPU
		{940881EA-3098-4A93-A0D3-510237B244BF}.Debug|ARM.ActiveCfg = Debug|Any CPU
		{940881EA-3098-4A93-A0D3-510237B244BF}.Debug|ARM.Build.0 = Debug|Any CPU
		{940881EA-3098-4A93-A0D3-510237B244BF}.Debug|ARM64.ActiveCfg = Debug|Any CPU
		{940881EA-3098-4A93-A0D3-510237B244BF}.Debug|ARM64.Build.0 = Debug|Any CPU
		{940881EA-3098-4A93-A0D3-510237B244BF}.Debug|iPhone.ActiveCfg = Debug|Any CPU
		{940881EA-3098-4A93-A0D3-510237B244BF}.Debug|iPhone.Build.0 = Debug|Any CPU
		{940881EA-3098-4A93-A0D3-510237B244BF}.Debug|iPhoneSimulator.ActiveCfg = Debug|Any CPU
		{940881EA-3098-4A93-A0D3-510237B244BF}.Debug|iPhoneSimulator.Build.0 = Debug|Any CPU
		{940881EA-3098-4A93-A0D3-510237B244BF}.Debug|x64.ActiveCfg = Debug|Any CPU
		{940881EA-3098-4A93-A0D3-510237B244BF}.Debug|x64.Build.0 = Debug|Any CPU
		{940881EA-3098-4A93-A0D3-510237B244BF}.Debug|x86.ActiveCfg = Debug|Any CPU
		{940881EA-3098-4A93-A0D3-510237B244BF}.Debug|x86.Build.0 = Debug|Any CPU
		{940881EA-3098-4A93-A0D3-510237B244BF}.Release|Any CPU.ActiveCfg = Release|Any CPU
		{940881EA-3098-4A93-A0D3-510237B244BF}.Release|Any CPU.Build.0 = Release|Any CPU
		{940881EA-3098-4A93-A0D3-510237B244BF}.Release|ARM.ActiveCfg = Release|Any CPU
		{940881EA-3098-4A93-A0D3-510237B244BF}.Release|ARM.Build.0 = Release|Any CPU
		{940881EA-3098-4A93-A0D3-510237B244BF}.Release|ARM64.ActiveCfg = Release|Any CPU
		{940881EA-3098-4A93-A0D3-510237B244BF}.Release|ARM64.Build.0 = Release|Any CPU
		{940881EA-3098-4A93-A0D3-510237B244BF}.Release|iPhone.ActiveCfg = Release|Any CPU
		{940881EA-3098-4A93-A0D3-510237B244BF}.Release|iPhone.Build.0 = Release|Any CPU
		{940881EA-3098-4A93-A0D3-510237B244BF}.Release|iPhoneSimulator.ActiveCfg = Release|Any CPU
		{940881EA-3098-4A93-A0D3-510237B244BF}.Release|iPhoneSimulator.Build.0 = Release|Any CPU
		{940881EA-3098-4A93-A0D3-510237B244BF}.Release|x64.ActiveCfg = Release|Any CPU
		{940881EA-3098-4A93-A0D3-510237B244BF}.Release|x64.Build.0 = Release|Any CPU
		{940881EA-3098-4A93-A0D3-510237B244BF}.Release|x86.ActiveCfg = Release|Any CPU
		{940881EA-3098-4A93-A0D3-510237B244BF}.Release|x86.Build.0 = Release|Any CPU
		{27B28928-637F-4BCA-8AD8-083F9744ACDA}.Debug|Any CPU.ActiveCfg = Debug|Any CPU
		{27B28928-637F-4BCA-8AD8-083F9744ACDA}.Debug|Any CPU.Build.0 = Debug|Any CPU
		{27B28928-637F-4BCA-8AD8-083F9744ACDA}.Debug|ARM.ActiveCfg = Debug|Any CPU
		{27B28928-637F-4BCA-8AD8-083F9744ACDA}.Debug|ARM.Build.0 = Debug|Any CPU
		{27B28928-637F-4BCA-8AD8-083F9744ACDA}.Debug|ARM64.ActiveCfg = Debug|Any CPU
		{27B28928-637F-4BCA-8AD8-083F9744ACDA}.Debug|ARM64.Build.0 = Debug|Any CPU
		{27B28928-637F-4BCA-8AD8-083F9744ACDA}.Debug|iPhone.ActiveCfg = Debug|Any CPU
		{27B28928-637F-4BCA-8AD8-083F9744ACDA}.Debug|iPhone.Build.0 = Debug|Any CPU
		{27B28928-637F-4BCA-8AD8-083F9744ACDA}.Debug|iPhoneSimulator.ActiveCfg = Debug|Any CPU
		{27B28928-637F-4BCA-8AD8-083F9744ACDA}.Debug|iPhoneSimulator.Build.0 = Debug|Any CPU
		{27B28928-637F-4BCA-8AD8-083F9744ACDA}.Debug|x64.ActiveCfg = Debug|Any CPU
		{27B28928-637F-4BCA-8AD8-083F9744ACDA}.Debug|x64.Build.0 = Debug|Any CPU
		{27B28928-637F-4BCA-8AD8-083F9744ACDA}.Debug|x86.ActiveCfg = Debug|Any CPU
		{27B28928-637F-4BCA-8AD8-083F9744ACDA}.Debug|x86.Build.0 = Debug|Any CPU
		{27B28928-637F-4BCA-8AD8-083F9744ACDA}.Release|Any CPU.ActiveCfg = Release|Any CPU
		{27B28928-637F-4BCA-8AD8-083F9744ACDA}.Release|Any CPU.Build.0 = Release|Any CPU
		{27B28928-637F-4BCA-8AD8-083F9744ACDA}.Release|ARM.ActiveCfg = Release|Any CPU
		{27B28928-637F-4BCA-8AD8-083F9744ACDA}.Release|ARM.Build.0 = Release|Any CPU
		{27B28928-637F-4BCA-8AD8-083F9744ACDA}.Release|ARM64.ActiveCfg = Release|Any CPU
		{27B28928-637F-4BCA-8AD8-083F9744ACDA}.Release|ARM64.Build.0 = Release|Any CPU
		{27B28928-637F-4BCA-8AD8-083F9744ACDA}.Release|iPhone.ActiveCfg = Release|Any CPU
		{27B28928-637F-4BCA-8AD8-083F9744ACDA}.Release|iPhone.Build.0 = Release|Any CPU
		{27B28928-637F-4BCA-8AD8-083F9744ACDA}.Release|iPhoneSimulator.ActiveCfg = Release|Any CPU
		{27B28928-637F-4BCA-8AD8-083F9744ACDA}.Release|iPhoneSimulator.Build.0 = Release|Any CPU
		{27B28928-637F-4BCA-8AD8-083F9744ACDA}.Release|x64.ActiveCfg = Release|Any CPU
		{27B28928-637F-4BCA-8AD8-083F9744ACDA}.Release|x64.Build.0 = Release|Any CPU
		{27B28928-637F-4BCA-8AD8-083F9744ACDA}.Release|x86.ActiveCfg = Release|Any CPU
		{27B28928-637F-4BCA-8AD8-083F9744ACDA}.Release|x86.Build.0 = Release|Any CPU
	EndGlobalSection
	GlobalSection(SolutionProperties) = preSolution
		HideSolutionNode = FALSE
	EndGlobalSection
	GlobalSection(ExtensibilityGlobals) = postSolution
		SolutionGuid = {4F32A167-2981-4512-8024-5B0C93BBFA37}
	EndGlobalSection
EndGlobal
